#MicroXplorer Configuration settings - do not modify
CAD.formats=
CAD.pinconfig=
CAD.provider=
Dma.Request0=SDIO_RX
Dma.Request1=SDIO_TX
Dma.Request2=SPI1_TX
Dma.Request3=USART1_RX
Dma.RequestsNb=4
Dma.SDIO_RX.0.Direction=DMA_PERIPH_TO_MEMORY
Dma.SDIO_RX.0.FIFOMode=DMA_FIFOMODE_ENABLE
Dma.SDIO_RX.0.FIFOThreshold=DMA_FIFO_THRESHOLD_FULL
Dma.SDIO_RX.0.Instance=DMA2_Stream3
Dma.SDIO_RX.0.MemBurst=DMA_MBURST_INC4
Dma.SDIO_RX.0.MemDataAlignment=DMA_MDATAALIGN_WORD
Dma.SDIO_RX.0.MemInc=DMA_MINC_ENABLE
Dma.SDIO_RX.0.Mode=DMA_PFCTRL
Dma.SDIO_RX.0.PeriphBurst=DMA_PBURST_INC4
Dma.SDIO_RX.0.PeriphDataAlignment=DMA_PDATAALIGN_WORD
Dma.SDIO_RX.0.PeriphInc=DMA_PINC_DISABLE
Dma.SDIO_RX.0.Priority=DMA_PRIORITY_HIGH
Dma.SDIO_RX.0.RequestParameters=Instance,Direction,PeriphInc,MemInc,PeriphDataAlignment,MemDataAlignment,Mode,Priority,FIFOMode,FIFOThreshold,MemBurst,PeriphBurst
Dma.SDIO_TX.1.Direction=DMA_MEMORY_TO_PERIPH
Dma.SDIO_TX.1.FIFOMode=DMA_FIFOMODE_ENABLE
Dma.SDIO_TX.1.FIFOThreshold=DMA_FIFO_THRESHOLD_FULL
Dma.SDIO_TX.1.Instance=DMA2_Stream6
Dma.SDIO_TX.1.MemBurst=DMA_MBURST_INC4
Dma.SDIO_TX.1.MemDataAlignment=DMA_MDATAALIGN_WORD
Dma.SDIO_TX.1.MemInc=DMA_MINC_ENABLE
Dma.SDIO_TX.1.Mode=DMA_PFCTRL
Dma.SDIO_TX.1.PeriphBurst=DMA_PBURST_INC4
Dma.SDIO_TX.1.PeriphDataAlignment=DMA_PDATAALIGN_WORD
Dma.SDIO_TX.1.PeriphInc=DMA_PINC_DISABLE
Dma.SDIO_TX.1.Priority=DMA_PRIORITY_HIGH
Dma.SDIO_TX.1.RequestParameters=Instance,Direction,PeriphInc,MemInc,PeriphDataAlignment,MemDataAlignment,Mode,Priority,FIFOMode,FIFOThreshold,MemBurst,PeriphBurst
Dma.SPI1_TX.2.Direction=DMA_MEMORY_TO_PERIPH
Dma.SPI1_TX.2.FIFOMode=DMA_FIFOMODE_DISABLE
Dma.SPI1_TX.2.Instance=DMA2_Stream5
Dma.SPI1_TX.2.MemDataAlignment=DMA_MDATAALIGN_BYTE
Dma.SPI1_TX.2.MemInc=DMA_MINC_ENABLE
Dma.SPI1_TX.2.Mode=DMA_NORMAL
Dma.SPI1_TX.2.PeriphDataAlignment=DMA_PDATAALIGN_BYTE
Dma.SPI1_TX.2.PeriphInc=DMA_PINC_DISABLE
Dma.SPI1_TX.2.Priority=DMA_PRIORITY_LOW
Dma.SPI1_TX.2.RequestParameters=Instance,Direction,PeriphInc,MemInc,PeriphDataAlignment,MemDataAlignment,Mode,Priority,FIFOMode
Dma.USART1_RX.3.Direction=DMA_PERIPH_TO_MEMORY
Dma.USART1_RX.3.FIFOMode=DMA_FIFOMODE_DISABLE
Dma.USART1_RX.3.Instance=DMA2_Stream2
Dma.USART1_RX.3.MemDataAlignment=DMA_MDATAALIGN_BYTE
Dma.USART1_RX.3.MemInc=DMA_MINC_ENABLE
Dma.USART1_RX.3.Mode=DMA_CIRCULAR
Dma.USART1_RX.3.PeriphDataAlignment=DMA_PDATAALIGN_BYTE
Dma.USART1_RX.3.PeriphInc=DMA_PINC_DISABLE
Dma.USART1_RX.3.Priority=DMA_PRIORITY_HIGH
Dma.USART1_RX.3.RequestParameters=Instance,Direction,PeriphInc,MemInc,PeriphDataAlignment,MemDataAlignment,Mode,Priority,FIFOMode
FATFS.IPParameters=_CODE_PAGE,_USE_LFN,_FS_LOCK
FATFS._CODE_PAGE=936
FATFS._FS_LOCK=6
FATFS._USE_LFN=3
FREERTOS.FootprintOK=true
FREERTOS.IPParameters=Tasks01,FootprintOK,configUSE_TICK_HOOK,configTOTAL_HEAP_SIZE
FREERTOS.Tasks01=TaskMain,24,1024,StartTaskMain,Default,NULL,Dynamic,NULL,NULL;GPS_Task,24,512,StartGPSTask,Default,NULL,Dynamic,NULL,NULL;HR_Task,24,256,StartTaskHR,Default,NULL,Dynamic,NULL,NULL;BLE_KML_Task,24,2048,StartBLEKMLTask,Default,NULL,Dynamic,NULL,NULL
FREERTOS.configTOTAL_HEAP_SIZE=32768
FREERTOS.configUSE_TICK_HOOK=1
File.Version=6
GPIO.groupedBy=Group By Peripherals
KeepUserPlacement=false
Mcu.CPN=STM32F412CGU6
Mcu.Family=STM32F4
Mcu.IP0=DMA
Mcu.IP1=FATFS
Mcu.IP10=TIM2
Mcu.IP11=TIM3
Mcu.IP12=USART1
Mcu.IP13=USART2
Mcu.IP2=FREERTOS
Mcu.IP3=I2C1
Mcu.IP4=NVIC
Mcu.IP5=RCC
Mcu.IP6=RTC
Mcu.IP7=SDIO
Mcu.IP8=SPI1
Mcu.IP9=SYS
Mcu.IPNb=14
Mcu.Name=STM32F412C(E-G)Ux
Mcu.Package=UFQFPN48
Mcu.Pin0=PC13
Mcu.Pin1=PC14-OSC32_IN
Mcu.Pin10=PB1
Mcu.Pin11=PB2
Mcu.Pin12=PB10
Mcu.Pin13=PB12
Mcu.Pin14=PB13
Mcu.Pin15=PB14
Mcu.Pin16=PB15
Mcu.Pin17=PA10
Mcu.Pin18=PA11
Mcu.Pin19=PA12
Mcu.Pin2=PC15-OSC32_OUT
Mcu.Pin20=PA13
Mcu.Pin21=PA14
Mcu.Pin22=PA15
Mcu.Pin23=PB4
Mcu.Pin24=PB6
Mcu.Pin25=PB7
Mcu.Pin26=PB8
Mcu.Pin27=PB9
Mcu.Pin28=VP_FATFS_VS_SDIO
Mcu.Pin29=VP_FREERTOS_VS_CMSIS_V2
Mcu.Pin3=PA2
Mcu.Pin30=VP_RTC_VS_RTC_Activate
Mcu.Pin31=VP_RTC_VS_RTC_Calendar
Mcu.Pin32=VP_SYS_VS_tim4
Mcu.Pin33=VP_TIM2_VS_ClockSourceINT
Mcu.Pin34=VP_TIM3_VS_ClockSourceINT
Mcu.Pin4=PA3
Mcu.Pin5=PA4
Mcu.Pin6=PA5
Mcu.Pin7=PA6
Mcu.Pin8=PA7
Mcu.Pin9=PB0
Mcu.PinsNb=35
Mcu.ThirdPartyNb=0
Mcu.UserConstants=
Mcu.UserName=STM32F412CGUx
MxCube.Version=6.14.1
MxDb.Version=DB.6.0.141
NVIC.BusFault_IRQn=true\:0\:0\:false\:false\:true\:false\:false\:false\:false
NVIC.DMA2_Stream2_IRQn=true\:5\:0\:false\:false\:true\:true\:false\:true\:true
NVIC.DMA2_Stream3_IRQn=true\:6\:0\:true\:false\:true\:true\:false\:true\:true
NVIC.DMA2_Stream5_IRQn=true\:5\:0\:false\:false\:true\:true\:false\:true\:true
NVIC.DMA2_Stream6_IRQn=true\:6\:0\:true\:false\:true\:true\:false\:true\:true
NVIC.DebugMonitor_IRQn=true\:0\:0\:false\:false\:true\:false\:false\:false\:false
NVIC.ForceEnableDMAVector=true
NVIC.HardFault_IRQn=true\:0\:0\:false\:false\:true\:false\:false\:false\:false
NVIC.MemoryManagement_IRQn=true\:0\:0\:false\:false\:true\:false\:false\:false\:false
NVIC.NonMaskableInt_IRQn=true\:0\:0\:false\:false\:true\:false\:false\:false\:false
NVIC.PendSV_IRQn=true\:15\:0\:false\:false\:false\:true\:false\:false\:false
NVIC.PriorityGroup=NVIC_PRIORITYGROUP_4
NVIC.SDIO_IRQn=true\:5\:0\:true\:false\:true\:true\:true\:true\:true
NVIC.SVCall_IRQn=true\:0\:0\:false\:false\:false\:false\:false\:false\:false
NVIC.SavedPendsvIrqHandlerGenerated=true
NVIC.SavedSvcallIrqHandlerGenerated=true
NVIC.SavedSystickIrqHandlerGenerated=true
NVIC.SysTick_IRQn=true\:15\:0\:false\:false\:false\:true\:false\:true\:false
NVIC.TIM3_IRQn=true\:5\:0\:true\:false\:true\:true\:true\:true\:true
NVIC.TIM4_IRQn=true\:0\:0\:true\:false\:true\:false\:false\:true\:true
NVIC.TimeBase=TIM4_IRQn
NVIC.TimeBaseIP=TIM4
NVIC.USART1_IRQn=true\:1\:0\:true\:false\:true\:false\:true\:true\:true
NVIC.USART2_IRQn=true\:2\:0\:true\:false\:true\:false\:true\:true\:true
NVIC.UsageFault_IRQn=true\:0\:0\:false\:false\:true\:false\:false\:false\:false
PA10.Mode=Asynchronous
PA10.Signal=USART1_RX
PA11.GPIOParameters=GPIO_PuPd,GPIO_Label
PA11.GPIO_Label=BLE_KEY
PA11.GPIO_PuPd=GPIO_PULLUP
PA11.Locked=true
PA11.Signal=GPIO_Input
PA12.GPIOParameters=GPIO_PuPd,GPIO_Label
PA12.GPIO_Label=BLE_LINK
PA12.GPIO_PuPd=GPIO_PULLUP
PA12.Locked=true
PA12.Signal=GPIO_Input
PA13.Mode=Serial_Wire
PA13.Signal=SYS_JTMS-SWDIO
PA14.Mode=Serial_Wire
PA14.Signal=SYS_JTCK-SWCLK
PA15.Mode=Asynchronous
PA15.Signal=USART1_TX
PA2.Mode=Asynchronous
PA2.Signal=USART2_TX
PA3.Mode=Asynchronous
PA3.Signal=USART2_RX
PA4.GPIOParameters=GPIO_PuPd,GPIO_Label
PA4.GPIO_Label=LCD_DC
PA4.GPIO_PuPd=GPIO_PULLUP
PA4.Locked=true
PA4.Signal=GPIO_Output
PA5.GPIOParameters=GPIO_Label
PA5.GPIO_Label=LCD_SCL
PA5.Mode=TX_Only_Simplex_Unidirect_Master
PA5.Signal=SPI1_SCK
PA6.GPIOParameters=GPIO_PuPd
PA6.GPIO_PuPd=GPIO_PULLUP
PA6.Mode=SD_1_bit
PA6.Signal=SDIO_CMD
PA7.GPIOParameters=GPIO_Label
PA7.GPIO_Label=LCD_SDA
PA7.Mode=TX_Only_Simplex_Unidirect_Master
PA7.Signal=SPI1_MOSI
PB0.GPIOParameters=GPIO_PuPd,GPIO_Label
PB0.GPIO_Label=LCD_CS
PB0.GPIO_PuPd=GPIO_PULLUP
PB0.Locked=true
PB0.Signal=GPIO_Output
PB1.GPIOParameters=GPIO_PuPd,GPIO_Label
PB1.GPIO_Label=LCD_BLK
PB1.GPIO_PuPd=GPIO_PULLUP
PB1.Locked=true
PB1.Signal=GPIO_Output
PB10.GPIOParameters=PinState,GPIO_Label
PB10.GPIO_Label=PWR_EN
PB10.Locked=true
PB10.PinState=GPIO_PIN_RESET
PB10.Signal=GPIO_Output
PB12.GPIOParameters=GPIO_PuPd,GPIO_Label
PB12.GPIO_Label=LED
PB12.GPIO_PuPd=GPIO_NOPULL
PB12.Locked=true
PB12.Signal=GPIO_Output
PB13.GPIOParameters=GPIO_PuPd,GPIO_Label
PB13.GPIO_Label=KEYC
PB13.GPIO_PuPd=GPIO_PULLUP
PB13.Locked=true
PB13.Signal=GPIO_Input
PB14.GPIOParameters=GPIO_PuPd,GPIO_Label
PB14.GPIO_Label=KEYB
PB14.GPIO_PuPd=GPIO_PULLUP
PB14.Locked=true
PB14.Signal=GPIO_Input
PB15.Mode=SD_1_bit
PB15.Signal=SDIO_CK
PB2.GPIOParameters=GPIO_Label
PB2.GPIO_Label=BLE_RST
PB2.Locked=true
PB2.Signal=GPIO_Output
PB4.GPIOParameters=GPIO_PuPd
PB4.GPIO_PuPd=GPIO_PULLUP
PB4.Mode=SD_1_bit
PB4.Signal=SDIO_D0
PB6.GPIOParameters=GPIO_PuPd,GPIO_Label
PB6.GPIO_Label=MPU_INT
PB6.GPIO_PuPd=GPIO_PULLUP
PB6.Locked=true
PB6.Signal=GPXTI6
PB7.GPIOParameters=GPIO_Speed,GPIO_Label
PB7.GPIO_Label=BEEP
PB7.GPIO_Speed=GPIO_SPEED_FREQ_HIGH
PB7.Locked=true
PB7.Signal=GPIO_Output
PB8.GPIOParameters=GPIO_Speed,GPIO_Pu
PB8.GPIO_Pu=GPIO_PULLUP
PB8.GPIO_Speed=GPIO_SPEED_FREQ_HIGH
PB8.Locked=true
PB8.Mode=I2C
PB8.Signal=I2C1_SCL
PB9.GPIOParameters=GPIO_Speed,GPIO_Pu
PB9.GPIO_Pu=GPIO_PULLUP
PB9.GPIO_Speed=GPIO_SPEED_FREQ_HIGH
PB9.Locked=true
PB9.Mode=I2C
PB9.Signal=I2C1_SDA
PC13.GPIOParameters=GPIO_Label
PC13.GPIO_Label=MOTOR
PC13.Locked=true
PC13.Signal=GPIO_Output
PC14-OSC32_IN.Mode=LSE-External-Oscillator
PC14-OSC32_IN.Signal=RCC_OSC32_IN
PC15-OSC32_OUT.Mode=LSE-External-Oscillator
PC15-OSC32_OUT.Signal=RCC_OSC32_OUT
PCC.Checker=false
PCC.Line=STM32F412
PCC.MCU=STM32F412C(E-G)Ux
PCC.PartNumber=STM32F412CGUx
PCC.Series=STM32F4
PCC.Temperature=25
PCC.Vdd=1.7
PinOutPanel.RotationAngle=0
ProjectManager.AskForMigrate=true
ProjectManager.BackupPrevious=false
ProjectManager.CompilerLinker=GCC
ProjectManager.CompilerOptimize=6
ProjectManager.ComputerToolchain=false
ProjectManager.CoupleFile=true
ProjectManager.CustomerFirmwarePackage=
ProjectManager.DefaultFWLocation=true
ProjectManager.DeletePrevious=true
ProjectManager.DeviceId=STM32F412CGUx
ProjectManager.FirmwarePackage=STM32Cube FW_F4 V1.28.3
ProjectManager.FreePins=false
ProjectManager.FreePinsContext=
ProjectManager.HalAssertFull=false
ProjectManager.HeapSize=0x1000
ProjectManager.KeepUserCode=true
ProjectManager.LastFirmware=true
ProjectManager.LibraryCopy=1
ProjectManager.MainLocation=Core/Src
ProjectManager.NoMain=false
ProjectManager.PreviousToolchain=STM32CubeIDE
ProjectManager.ProjectBuild=false
ProjectManager.ProjectFileName=STM32F412_TEST_LVGL_SD.ioc
ProjectManager.ProjectName=STM32F412_TEST_LVGL_SD
ProjectManager.ProjectStructure=
ProjectManager.RegisterCallBack=
ProjectManager.StackSize=0x400
ProjectManager.TargetToolchain=STM32CubeIDE
ProjectManager.ToolChainLocation=
ProjectManager.UAScriptAfterPath=
ProjectManager.UAScriptBeforePath=
ProjectManager.UnderRoot=true
ProjectManager.functionlistsort=1-SystemClock_Config-RCC-false-HAL-false,2-MX_GPIO_Init-GPIO-false-HAL-true,3-MX_DMA_Init-DMA-false-HAL-true,4-MX_SDIO_SD_Init-SDIO-true-HAL-true,5-MX_RTC_Init-RTC-false-HAL-true,6-MX_FATFS_Init-FATFS-false-HAL-false,7-MX_USART2_UART_Init-USART2-false-HAL-true,8-MX_TIM2_Init-TIM2-false-HAL-true,9-MX_SPI1_Init-SPI1-false-HAL-true,10-MX_USART1_UART_Init-USART1-false-HAL-true,11-MX_TIM3_Init-TIM3-false-HAL-true
RCC.AHBFreq_Value=96000000
RCC.APB1CLKDivider=RCC_HCLK_DIV2
RCC.APB1Freq_Value=48000000
RCC.APB1TimFreq_Value=96000000
RCC.APB2Freq_Value=96000000
RCC.APB2TimFreq_Value=96000000
RCC.CortexFreq_Value=96000000
RCC.DFSDMFreq_Value=96000000
RCC.FCLKCortexFreq_Value=96000000
RCC.FMPI2C1Freq_Value=48000000
RCC.FamilyName=M
RCC.HCLKFreq_Value=96000000
RCC.IPParameters=AHBFreq_Value,APB1CLKDivider,APB1Freq_Value,APB1TimFreq_Value,APB2Freq_Value,APB2TimFreq_Value,CortexFreq_Value,DFSDMFreq_Value,FCLKCortexFreq_Value,FMPI2C1Freq_Value,FamilyName,HCLKFreq_Value,PLLCLKFreq_Value,PLLI2SPCLKFreq_Value,PLLI2SQCLKFreq_Value,PLLI2SRCLKFreq_Value,PLLQ,PLLQCLKFreq_Value,PLLQoutputFreq_Value,PLLRCLKFreq_Value,PLLRoutputFreq_Value,RCC_RTC_Clock_Source,RCC_RTC_Clock_SourceVirtual,RNGFreq_Value,RTCFreq_Value,SDIOFreq_Value,SYSCLKFreq_VALUE,SYSCLKSource,USBFreq_Value,VCOI2SInputFreq_Value,VCOI2SOutputFreq_Value,VCOInputFreq_Value,VCOOutputFreq_Value
RCC.PLLCLKFreq_Value=96000000
RCC.PLLI2SPCLKFreq_Value=96000000
RCC.PLLI2SQCLKFreq_Value=96000000
RCC.PLLI2SRCLKFreq_Value=96000000
RCC.PLLQ=4
RCC.PLLQCLKFreq_Value=48000000
RCC.PLLQoutputFreq_Value=48000000
RCC.PLLRCLKFreq_Value=96000000
RCC.PLLRoutputFreq_Value=96000000
RCC.RCC_RTC_Clock_Source=RCC_RTCCLKSOURCE_LSE
RCC.RCC_RTC_Clock_SourceVirtual=RCC_RTCCLKSOURCE_LSE
RCC.RNGFreq_Value=48000000
RCC.RTCFreq_Value=32768
RCC.SDIOFreq_Value=48000000
RCC.SYSCLKFreq_VALUE=96000000
RCC.SYSCLKSource=RCC_SYSCLKSOURCE_PLLCLK
RCC.USBFreq_Value=48000000
RCC.VCOI2SInputFreq_Value=1000000
RCC.VCOI2SOutputFreq_Value=192000000
RCC.VCOInputFreq_Value=1000000
RCC.VCOOutputFreq_Value=192000000
RTC.Format=RTC_FORMAT_BIN
RTC.IPParameters=Format
SDIO.ClockDiv=158
SDIO.IPParameters=ClockDiv
SH.GPXTI6.0=GPIO_EXTI6
SH.GPXTI6.ConfNb=1
SPI1.BaudRatePrescaler=SPI_BAUDRATEPRESCALER_64
SPI1.CalculateBaudRate=1.5 MBits/s
SPI1.Direction=SPI_DIRECTION_2LINES
SPI1.IPParameters=VirtualType,Mode,Direction,CalculateBaudRate,BaudRatePrescaler
SPI1.Mode=SPI_MODE_MASTER
SPI1.VirtualType=VM_MASTER
TIM2.IPParameters=Prescaler
TIM2.Prescaler=96-1
TIM3.IPParameters=Prescaler,Period
TIM3.Period=999
TIM3.Prescaler=7
USART1.BaudRate=115200
USART1.IPParameters=VirtualMode,BaudRate
USART1.VirtualMode=VM_ASYNC
USART2.BaudRate=9600
USART2.IPParameters=VirtualMode,BaudRate
USART2.VirtualMode=VM_ASYNC
VP_FATFS_VS_SDIO.Mode=SDIO
VP_FATFS_VS_SDIO.Signal=FATFS_VS_SDIO
VP_FREERTOS_VS_CMSIS_V2.Mode=CMSIS_V2
VP_FREERTOS_VS_CMSIS_V2.Signal=FREERTOS_VS_CMSIS_V2
VP_RTC_VS_RTC_Activate.Mode=RTC_Enabled
VP_RTC_VS_RTC_Activate.Signal=RTC_VS_RTC_Activate
VP_RTC_VS_RTC_Calendar.Mode=RTC_Calendar
VP_RTC_VS_RTC_Calendar.Signal=RTC_VS_RTC_Calendar
VP_SYS_VS_tim4.Mode=TIM4
VP_SYS_VS_tim4.Signal=SYS_VS_tim4
VP_TIM2_VS_ClockSourceINT.Mode=Internal
VP_TIM2_VS_ClockSourceINT.Signal=TIM2_VS_ClockSourceINT
VP_TIM3_VS_ClockSourceINT.Mode=Internal
VP_TIM3_VS_ClockSourceINT.Signal=TIM3_VS_ClockSourceINT
board=custom
rtos.0.ip=FREERTOS
